// !$*UTF8*$!
{
	archiveVersion = 1;
	classes = {
	};
	objectVersion = 46;
	objects = {

/* Begin PBXBuildFile section */
		200323D51E00166200B1C33A /* AppDelegate.swift in Sources */ = {isa = PBXBuildFile; fileRef = 200323D41E00166200B1C33A /* AppDelegate.swift */; };
		200323DA1E00166200B1C33A /* Main.storyboard in Resources */ = {isa = PBXBuildFile; fileRef = 200323D81E00166200B1C33A /* Main.storyboard */; };
		200323DC1E00166200B1C33A /* Assets.xcassets in Resources */ = {isa = PBXBuildFile; fileRef = 200323DB1E00166200B1C33A /* Assets.xcassets */; };
		200323DF1E00166200B1C33A /* LaunchScreen.storyboard in Resources */ = {isa = PBXBuildFile; fileRef = 200323DD1E00166200B1C33A /* LaunchScreen.storyboard */; };
		200323ED1E0018A500B1C33A /* FitnessTrackerTests.swift in Sources */ = {isa = PBXBuildFile; fileRef = 200323EC1E0018A500B1C33A /* FitnessTrackerTests.swift */; };
		200323F51E0038B300B1C33A /* FitnessInfo.swift in Sources */ = {isa = PBXBuildFile; fileRef = 200323F41E0038B300B1C33A /* FitnessInfo.swift */; };
		202142081E0D23F800BAF444 /* CoreData.framework in Frameworks */ = {isa = PBXBuildFile; fileRef = 202142071E0D23F800BAF444 /* CoreData.framework */; };
		2021420B1E0D248900BAF444 /* CoreDataModel.xcdatamodeld in Sources */ = {isa = PBXBuildFile; fileRef = 202142091E0D248900BAF444 /* CoreDataModel.xcdatamodeld */; };
		2021420F1E0D27FD00BAF444 /* CoreDataFitnessInfo.swift in Sources */ = {isa = PBXBuildFile; fileRef = 2021420E1E0D27FD00BAF444 /* CoreDataFitnessInfo.swift */; };
		202142111E0D57C200BAF444 /* CoreDataStack.swift in Sources */ = {isa = PBXBuildFile; fileRef = 202142101E0D57C200BAF444 /* CoreDataStack.swift */; };
		204C62141E0FFFC100B6CE47 /* NewRecordTests.swift in Sources */ = {isa = PBXBuildFile; fileRef = 204C62131E0FFFC100B6CE47 /* NewRecordTests.swift */; };
		204C62161E1046C300B6CE47 /* CoreDataFitnessInfoRepositoryTests.swift in Sources */ = {isa = PBXBuildFile; fileRef = 204C62151E1046C300B6CE47 /* CoreDataFitnessInfoRepositoryTests.swift */; };
		205212FB1E01D3AD00F9A9E7 /* LatestRecordTests.swift in Sources */ = {isa = PBXBuildFile; fileRef = 205212FA1E01D3AD00F9A9E7 /* LatestRecordTests.swift */; };
		20D76F1F1E0D8E5C00FDD122 /* ShowPreviousLatestResultVIP.swift in Sources */ = {isa = PBXBuildFile; fileRef = 20D76F1E1E0D8E5C00FDD122 /* ShowPreviousLatestResultVIP.swift */; };
		20D76F211E0DA8DA00FDD122 /* FitnessInfo+Operators.swift in Sources */ = {isa = PBXBuildFile; fileRef = 20D76F201E0DA8DA00FDD122 /* FitnessInfo+Operators.swift */; };
		20E89E651E12F44E00F03644 /* MetricHistoryTests.swift in Sources */ = {isa = PBXBuildFile; fileRef = 20E89E641E12F44E00F03644 /* MetricHistoryTests.swift */; };
		20E89E681E130C5C00F03644 /* ShowMetricHistoricalDataVIP.swift in Sources */ = {isa = PBXBuildFile; fileRef = 20E89E671E130C5C00F03644 /* ShowMetricHistoricalDataVIP.swift */; };
		20E89E6A1E130D3D00F03644 /* ShowMetricHistoricalDataViewController.swift in Sources */ = {isa = PBXBuildFile; fileRef = 20E89E691E130D3D00F03644 /* ShowMetricHistoricalDataViewController.swift */; };
		20E89E6C1E130D6900F03644 /* MetricReadingTableViewCell.swift in Sources */ = {isa = PBXBuildFile; fileRef = 20E89E6B1E130D6900F03644 /* MetricReadingTableViewCell.swift */; };
		20FA50FB1E095712002E536A /* LatestRecordInteractor.swift in Sources */ = {isa = PBXBuildFile; fileRef = 20FA50FA1E095712002E536A /* LatestRecordInteractor.swift */; };
		20FA50FE1E09575E002E536A /* FitnessInfoRepository.swift in Sources */ = {isa = PBXBuildFile; fileRef = 20FA50FD1E09575E002E536A /* FitnessInfoRepository.swift */; };
		20FA51011E09579F002E536A /* LatestRecordView.swift in Sources */ = {isa = PBXBuildFile; fileRef = 20FA51001E09579F002E536A /* LatestRecordView.swift */; };
		20FA51031E0957C2002E536A /* LatestRecordPresenter.swift in Sources */ = {isa = PBXBuildFile; fileRef = 20FA51021E0957C2002E536A /* LatestRecordPresenter.swift */; };
		20FA51051E095947002E536A /* LatestRecordViewController.swift in Sources */ = {isa = PBXBuildFile; fileRef = 20FA51041E095947002E536A /* LatestRecordViewController.swift */; };
		20FA51071E0976D1002E536A /* LatestRecordMetricCell.swift in Sources */ = {isa = PBXBuildFile; fileRef = 20FA51061E0976D1002E536A /* LatestRecordMetricCell.swift */; };
		20FA510B1E0AE4D0002E536A /* CommonUtils.swift in Sources */ = {isa = PBXBuildFile; fileRef = 20FA510A1E0AE4D0002E536A /* CommonUtils.swift */; };
		20FA510D1E0AFCED002E536A /* NewRecordViewController.swift in Sources */ = {isa = PBXBuildFile; fileRef = 20FA510C1E0AFCED002E536A /* NewRecordViewController.swift */; };
		20FA510F1E0B1B05002E536A /* NewRecordView.swift in Sources */ = {isa = PBXBuildFile; fileRef = 20FA510E1E0B1B05002E536A /* NewRecordView.swift */; };
		20FA51111E0B1D74002E536A /* NewRecordPresenter.swift in Sources */ = {isa = PBXBuildFile; fileRef = 20FA51101E0B1D74002E536A /* NewRecordPresenter.swift */; };
		20FA51131E0B1DDF002E536A /* NewRecordInteractor.swift in Sources */ = {isa = PBXBuildFile; fileRef = 20FA51121E0B1DDF002E536A /* NewRecordInteractor.swift */; };
		45AA81FD1D29B16082BA4BBA /* Pods_FitnessTracker_FitnessTrackerTests.framework in Frameworks */ = {isa = PBXBuildFile; fileRef = 95868793967C2540BD298442 /* Pods_FitnessTracker_FitnessTrackerTests.framework */; };
		60DCC2D4BE7EC6D04AACF7B5 /* Pods_FitnessTracker.framework in Frameworks */ = {isa = PBXBuildFile; fileRef = 243E297E8C331F616EE9C451 /* Pods_FitnessTracker.framework */; };
/* End PBXBuildFile section */

/* Begin PBXContainerItemProxy section */
		200323EF1E0018A500B1C33A /* PBXContainerItemProxy */ = {
			isa = PBXContainerItemProxy;
			containerPortal = 200323C91E00166200B1C33A /* Project object */;
			proxyType = 1;
			remoteGlobalIDString = 200323D01E00166200B1C33A;
			remoteInfo = FitnessTracker;
		};
/* End PBXContainerItemProxy section */

/* Begin PBXFileReference section */
		200323D11E00166200B1C33A /* FitnessTracker.app */ = {isa = PBXFileReference; explicitFileType = wrapper.application; includeInIndex = 0; path = FitnessTracker.app; sourceTree = BUILT_PRODUCTS_DIR; };
		200323D41E00166200B1C33A /* AppDelegate.swift */ = {isa = PBXFileReference; lastKnownFileType = sourcecode.swift; lineEnding = 0; path = AppDelegate.swift; sourceTree = "<group>"; xcLanguageSpecificationIdentifier = xcode.lang.swift; };
		200323D91E00166200B1C33A /* Base */ = {isa = PBXFileReference; lastKnownFileType = file.storyboard; name = Base; path = Base.lproj/Main.storyboard; sourceTree = "<group>"; };
		200323DB1E00166200B1C33A /* Assets.xcassets */ = {isa = PBXFileReference; lastKnownFileType = folder.assetcatalog; path = Assets.xcassets; sourceTree = "<group>"; };
		200323DE1E00166200B1C33A /* Base */ = {isa = PBXFileReference; lastKnownFileType = file.storyboard; name = Base; path = Base.lproj/LaunchScreen.storyboard; sourceTree = "<group>"; };
		200323E01E00166200B1C33A /* Info.plist */ = {isa = PBXFileReference; lastKnownFileType = text.plist.xml; path = Info.plist; sourceTree = "<group>"; };
		200323EA1E0018A500B1C33A /* FitnessTrackerTests.xctest */ = {isa = PBXFileReference; explicitFileType = wrapper.cfbundle; includeInIndex = 0; path = FitnessTrackerTests.xctest; sourceTree = BUILT_PRODUCTS_DIR; };
		200323EC1E0018A500B1C33A /* FitnessTrackerTests.swift */ = {isa = PBXFileReference; lastKnownFileType = sourcecode.swift; path = FitnessTrackerTests.swift; sourceTree = "<group>"; };
		200323EE1E0018A500B1C33A /* Info.plist */ = {isa = PBXFileReference; lastKnownFileType = text.plist.xml; path = Info.plist; sourceTree = "<group>"; };
		200323F41E0038B300B1C33A /* FitnessInfo.swift */ = {isa = PBXFileReference; fileEncoding = 4; lastKnownFileType = sourcecode.swift; name = FitnessInfo.swift; path = ../FitnessInfo.swift; sourceTree = "<group>"; };
		202142071E0D23F800BAF444 /* CoreData.framework */ = {isa = PBXFileReference; lastKnownFileType = wrapper.framework; name = CoreData.framework; path = System/Library/Frameworks/CoreData.framework; sourceTree = SDKROOT; };
		2021420A1E0D248900BAF444 /* CoreDataModel.xcdatamodel */ = {isa = PBXFileReference; lastKnownFileType = wrapper.xcdatamodel; path = CoreDataModel.xcdatamodel; sourceTree = "<group>"; };
		2021420E1E0D27FD00BAF444 /* CoreDataFitnessInfo.swift */ = {isa = PBXFileReference; fileEncoding = 4; lastKnownFileType = sourcecode.swift; path = CoreDataFitnessInfo.swift; sourceTree = "<group>"; };
		202142101E0D57C200BAF444 /* CoreDataStack.swift */ = {isa = PBXFileReference; fileEncoding = 4; lastKnownFileType = sourcecode.swift; path = CoreDataStack.swift; sourceTree = "<group>"; };
		204C62131E0FFFC100B6CE47 /* NewRecordTests.swift */ = {isa = PBXFileReference; fileEncoding = 4; lastKnownFileType = sourcecode.swift; path = NewRecordTests.swift; sourceTree = "<group>"; };
		204C62151E1046C300B6CE47 /* CoreDataFitnessInfoRepositoryTests.swift */ = {isa = PBXFileReference; fileEncoding = 4; lastKnownFileType = sourcecode.swift; path = CoreDataFitnessInfoRepositoryTests.swift; sourceTree = "<group>"; };
		205212FA1E01D3AD00F9A9E7 /* LatestRecordTests.swift */ = {isa = PBXFileReference; fileEncoding = 4; lastKnownFileType = sourcecode.swift; lineEnding = 0; path = LatestRecordTests.swift; sourceTree = "<group>"; xcLanguageSpecificationIdentifier = xcode.lang.swift; };
		20D76F1E1E0D8E5C00FDD122 /* ShowPreviousLatestResultVIP.swift */ = {isa = PBXFileReference; fileEncoding = 4; lastKnownFileType = sourcecode.swift; lineEnding = 0; path = ShowPreviousLatestResultVIP.swift; sourceTree = "<group>"; xcLanguageSpecificationIdentifier = xcode.lang.swift; };
		20D76F201E0DA8DA00FDD122 /* FitnessInfo+Operators.swift */ = {isa = PBXFileReference; fileEncoding = 4; lastKnownFileType = sourcecode.swift; path = "FitnessInfo+Operators.swift"; sourceTree = "<group>"; };
		20E89E641E12F44E00F03644 /* MetricHistoryTests.swift */ = {isa = PBXFileReference; fileEncoding = 4; lastKnownFileType = sourcecode.swift; path = MetricHistoryTests.swift; sourceTree = "<group>"; };
		20E89E671E130C5C00F03644 /* ShowMetricHistoricalDataVIP.swift */ = {isa = PBXFileReference; fileEncoding = 4; lastKnownFileType = sourcecode.swift; path = ShowMetricHistoricalDataVIP.swift; sourceTree = "<group>"; };
		20E89E691E130D3D00F03644 /* ShowMetricHistoricalDataViewController.swift */ = {isa = PBXFileReference; fileEncoding = 4; lastKnownFileType = sourcecode.swift; path = ShowMetricHistoricalDataViewController.swift; sourceTree = "<group>"; };
		20E89E6B1E130D6900F03644 /* MetricReadingTableViewCell.swift */ = {isa = PBXFileReference; fileEncoding = 4; lastKnownFileType = sourcecode.swift; path = MetricReadingTableViewCell.swift; sourceTree = "<group>"; };
		20FA50FA1E095712002E536A /* LatestRecordInteractor.swift */ = {isa = PBXFileReference; fileEncoding = 4; lastKnownFileType = sourcecode.swift; lineEnding = 0; path = LatestRecordInteractor.swift; sourceTree = "<group>"; xcLanguageSpecificationIdentifier = xcode.lang.swift; };
		20FA50FD1E09575E002E536A /* FitnessInfoRepository.swift */ = {isa = PBXFileReference; fileEncoding = 4; lastKnownFileType = sourcecode.swift; path = FitnessInfoRepository.swift; sourceTree = "<group>"; };
		20FA51001E09579F002E536A /* LatestRecordView.swift */ = {isa = PBXFileReference; fileEncoding = 4; lastKnownFileType = sourcecode.swift; lineEnding = 0; path = LatestRecordView.swift; sourceTree = "<group>"; xcLanguageSpecificationIdentifier = xcode.lang.swift; };
		20FA51021E0957C2002E536A /* LatestRecordPresenter.swift */ = {isa = PBXFileReference; fileEncoding = 4; lastKnownFileType = sourcecode.swift; lineEnding = 0; path = LatestRecordPresenter.swift; sourceTree = "<group>"; xcLanguageSpecificationIdentifier = xcode.lang.swift; };
		20FA51041E095947002E536A /* LatestRecordViewController.swift */ = {isa = PBXFileReference; fileEncoding = 4; lastKnownFileType = sourcecode.swift; lineEnding = 0; path = LatestRecordViewController.swift; sourceTree = "<group>"; xcLanguageSpecificationIdentifier = xcode.lang.swift; };
		20FA51061E0976D1002E536A /* LatestRecordMetricCell.swift */ = {isa = PBXFileReference; fileEncoding = 4; lastKnownFileType = sourcecode.swift; lineEnding = 0; path = LatestRecordMetricCell.swift; sourceTree = "<group>"; xcLanguageSpecificationIdentifier = xcode.lang.swift; };
		20FA510A1E0AE4D0002E536A /* CommonUtils.swift */ = {isa = PBXFileReference; fileEncoding = 4; lastKnownFileType = sourcecode.swift; path = CommonUtils.swift; sourceTree = "<group>"; };
		20FA510C1E0AFCED002E536A /* NewRecordViewController.swift */ = {isa = PBXFileReference; fileEncoding = 4; lastKnownFileType = sourcecode.swift; lineEnding = 0; path = NewRecordViewController.swift; sourceTree = "<group>"; xcLanguageSpecificationIdentifier = xcode.lang.swift; };
		20FA510E1E0B1B05002E536A /* NewRecordView.swift */ = {isa = PBXFileReference; fileEncoding = 4; lastKnownFileType = sourcecode.swift; lineEnding = 0; path = NewRecordView.swift; sourceTree = "<group>"; xcLanguageSpecificationIdentifier = xcode.lang.swift; };
		20FA51101E0B1D74002E536A /* NewRecordPresenter.swift */ = {isa = PBXFileReference; fileEncoding = 4; lastKnownFileType = sourcecode.swift; lineEnding = 0; path = NewRecordPresenter.swift; sourceTree = "<group>"; xcLanguageSpecificationIdentifier = xcode.lang.swift; };
		20FA51121E0B1DDF002E536A /* NewRecordInteractor.swift */ = {isa = PBXFileReference; fileEncoding = 4; lastKnownFileType = sourcecode.swift; lineEnding = 0; path = NewRecordInteractor.swift; sourceTree = "<group>"; xcLanguageSpecificationIdentifier = xcode.lang.swift; };
		243E297E8C331F616EE9C451 /* Pods_FitnessTracker.framework */ = {isa = PBXFileReference; explicitFileType = wrapper.framework; includeInIndex = 0; path = Pods_FitnessTracker.framework; sourceTree = BUILT_PRODUCTS_DIR; };
		95868793967C2540BD298442 /* Pods_FitnessTracker_FitnessTrackerTests.framework */ = {isa = PBXFileReference; explicitFileType = wrapper.framework; includeInIndex = 0; path = Pods_FitnessTracker_FitnessTrackerTests.framework; sourceTree = BUILT_PRODUCTS_DIR; };
		AF97CF9401854D9B0C19B13A /* Pods-FitnessTracker.release.xcconfig */ = {isa = PBXFileReference; includeInIndex = 1; lastKnownFileType = text.xcconfig; name = "Pods-FitnessTracker.release.xcconfig"; path = "Pods/Target Support Files/Pods-FitnessTracker/Pods-FitnessTracker.release.xcconfig"; sourceTree = "<group>"; };
		C55A1B87566A2A9F0CFFFE02 /* Pods-FitnessTracker.debug.xcconfig */ = {isa = PBXFileReference; includeInIndex = 1; lastKnownFileType = text.xcconfig; name = "Pods-FitnessTracker.debug.xcconfig"; path = "Pods/Target Support Files/Pods-FitnessTracker/Pods-FitnessTracker.debug.xcconfig"; sourceTree = "<group>"; };
		CAFE8005132F3860417C9E2D /* Pods-FitnessTracker-FitnessTrackerTests.debug.xcconfig */ = {isa = PBXFileReference; includeInIndex = 1; lastKnownFileType = text.xcconfig; name = "Pods-FitnessTracker-FitnessTrackerTests.debug.xcconfig"; path = "Pods/Target Support Files/Pods-FitnessTracker-FitnessTrackerTests/Pods-FitnessTracker-FitnessTrackerTests.debug.xcconfig"; sourceTree = "<group>"; };
		D73B30AFC1C246C4F9262437 /* Pods-FitnessTracker-FitnessTrackerTests.release.xcconfig */ = {isa = PBXFileReference; includeInIndex = 1; lastKnownFileType = text.xcconfig; name = "Pods-FitnessTracker-FitnessTrackerTests.release.xcconfig"; path = "Pods/Target Support Files/Pods-FitnessTracker-FitnessTrackerTests/Pods-FitnessTracker-FitnessTrackerTests.release.xcconfig"; sourceTree = "<group>"; };
/* End PBXFileReference section */

/* Begin PBXFrameworksBuildPhase section */
		200323CE1E00166200B1C33A /* Frameworks */ = {
			isa = PBXFrameworksBuildPhase;
			buildActionMask = 2147483647;
			files = (
				202142081E0D23F800BAF444 /* CoreData.framework in Frameworks */,
				60DCC2D4BE7EC6D04AACF7B5 /* Pods_FitnessTracker.framework in Frameworks */,
			);
			runOnlyForDeploymentPostprocessing = 0;
		};
		200323E71E0018A500B1C33A /* Frameworks */ = {
			isa = PBXFrameworksBuildPhase;
			buildActionMask = 2147483647;
			files = (
				45AA81FD1D29B16082BA4BBA /* Pods_FitnessTracker_FitnessTrackerTests.framework in Frameworks */,
			);
			runOnlyForDeploymentPostprocessing = 0;
		};
/* End PBXFrameworksBuildPhase section */

/* Begin PBXGroup section */
		200323C81E00166200B1C33A = {
			isa = PBXGroup;
			children = (
				200323D31E00166200B1C33A /* FitnessTracker */,
				200323EB1E0018A500B1C33A /* FitnessTrackerTests */,
				200323D21E00166200B1C33A /* Products */,
				6E6B8390641336CE69A69123 /* Pods */,
				D7B064FACE09BB897B8FE4CB /* Frameworks */,
			);
			sourceTree = "<group>";
		};
		200323D21E00166200B1C33A /* Products */ = {
			isa = PBXGroup;
			children = (
				200323D11E00166200B1C33A /* FitnessTracker.app */,
				200323EA1E0018A500B1C33A /* FitnessTrackerTests.xctest */,
			);
			name = Products;
			sourceTree = "<group>";
		};
		200323D31E00166200B1C33A /* FitnessTracker */ = {
			isa = PBXGroup;
			children = (
				20E89E661E130C2500F03644 /* VIP */,
				20FA50FF1E095785002E536A /* View */,
				20FA50FC1E095749002E536A /* Data */,
				20FA50F91E0956F9002E536A /* Domain */,
				200323D41E00166200B1C33A /* AppDelegate.swift */,
				200323D81E00166200B1C33A /* Main.storyboard */,
				200323DB1E00166200B1C33A /* Assets.xcassets */,
				200323DD1E00166200B1C33A /* LaunchScreen.storyboard */,
				200323E01E00166200B1C33A /* Info.plist */,
			);
			path = FitnessTracker;
			sourceTree = "<group>";
		};
		200323EB1E0018A500B1C33A /* FitnessTrackerTests */ = {
			isa = PBXGroup;
			children = (
				200323EC1E0018A500B1C33A /* FitnessTrackerTests.swift */,
				200323EE1E0018A500B1C33A /* Info.plist */,
				205212FA1E01D3AD00F9A9E7 /* LatestRecordTests.swift */,
				20FA510A1E0AE4D0002E536A /* CommonUtils.swift */,
				204C62131E0FFFC100B6CE47 /* NewRecordTests.swift */,
				204C62151E1046C300B6CE47 /* CoreDataFitnessInfoRepositoryTests.swift */,
				20E89E641E12F44E00F03644 /* MetricHistoryTests.swift */,
			);
			path = FitnessTrackerTests;
			sourceTree = "<group>";
		};
		20A9EA571E1428110048B95E /* ShowMetricHistoryData */ = {
			isa = PBXGroup;
			children = (
				20E89E671E130C5C00F03644 /* ShowMetricHistoricalDataVIP.swift */,
				20E89E691E130D3D00F03644 /* ShowMetricHistoricalDataViewController.swift */,
				20E89E6B1E130D6900F03644 /* MetricReadingTableViewCell.swift */,
			);
			name = ShowMetricHistoryData;
			sourceTree = "<group>";
		};
		20E89E661E130C2500F03644 /* VIP */ = {
			isa = PBXGroup;
			children = (
				20A9EA571E1428110048B95E /* ShowMetricHistoryData */,
			);
			path = VIP;
			sourceTree = "<group>";
		};
		20FA50F91E0956F9002E536A /* Domain */ = {
			isa = PBXGroup;
			children = (
				20FA50FA1E095712002E536A /* LatestRecordInteractor.swift */,
			);
			path = Domain;
			sourceTree = "<group>";
		};
		20FA50FC1E095749002E536A /* Data */ = {
			isa = PBXGroup;
			children = (
				200323F41E0038B300B1C33A /* FitnessInfo.swift */,
				20FA50FD1E09575E002E536A /* FitnessInfoRepository.swift */,
				202142091E0D248900BAF444 /* CoreDataModel.xcdatamodeld */,
				2021420E1E0D27FD00BAF444 /* CoreDataFitnessInfo.swift */,
				202142101E0D57C200BAF444 /* CoreDataStack.swift */,
				20D76F201E0DA8DA00FDD122 /* FitnessInfo+Operators.swift */,
			);
			path = Data;
			sourceTree = "<group>";
		};
		20FA50FF1E095785002E536A /* View */ = {
			isa = PBXGroup;
			children = (
				20FA51001E09579F002E536A /* LatestRecordView.swift */,
				20FA51021E0957C2002E536A /* LatestRecordPresenter.swift */,
				20FA51041E095947002E536A /* LatestRecordViewController.swift */,
				20FA51061E0976D1002E536A /* LatestRecordMetricCell.swift */,
				20FA510C1E0AFCED002E536A /* NewRecordViewController.swift */,
				20FA510E1E0B1B05002E536A /* NewRecordView.swift */,
				20FA51101E0B1D74002E536A /* NewRecordPresenter.swift */,
				20FA51121E0B1DDF002E536A /* NewRecordInteractor.swift */,
				20D76F1E1E0D8E5C00FDD122 /* ShowPreviousLatestResultVIP.swift */,
			);
			path = View;
			sourceTree = "<group>";
		};
		6E6B8390641336CE69A69123 /* Pods */ = {
			isa = PBXGroup;
			children = (
				C55A1B87566A2A9F0CFFFE02 /* Pods-FitnessTracker.debug.xcconfig */,
				AF97CF9401854D9B0C19B13A /* Pods-FitnessTracker.release.xcconfig */,
				CAFE8005132F3860417C9E2D /* Pods-FitnessTracker-FitnessTrackerTests.debug.xcconfig */,
				D73B30AFC1C246C4F9262437 /* Pods-FitnessTracker-FitnessTrackerTests.release.xcconfig */,
			);
			name = Pods;
			sourceTree = "<group>";
		};
		D7B064FACE09BB897B8FE4CB /* Frameworks */ = {
			isa = PBXGroup;
			children = (
				202142071E0D23F800BAF444 /* CoreData.framework */,
				243E297E8C331F616EE9C451 /* Pods_FitnessTracker.framework */,
				95868793967C2540BD298442 /* Pods_FitnessTracker_FitnessTrackerTests.framework */,
			);
			name = Frameworks;
			sourceTree = "<group>";
		};
/* End PBXGroup section */

/* Begin PBXNativeTarget section */
		200323D01E00166200B1C33A /* FitnessTracker */ = {
			isa = PBXNativeTarget;
			buildConfigurationList = 200323E31E00166200B1C33A /* Build configuration list for PBXNativeTarget "FitnessTracker" */;
			buildPhases = (
				9507FD782EB359802212F168 /* [CP] Check Pods Manifest.lock */,
				200323CD1E00166200B1C33A /* Sources */,
				200323CE1E00166200B1C33A /* Frameworks */,
				200323CF1E00166200B1C33A /* Resources */,
				11F6D849604387D6ADFAE2DE /* [CP] Embed Pods Frameworks */,
				BF4CD9088C8297A89DBF0FF3 /* [CP] Copy Pods Resources */,
			);
			buildRules = (
			);
			dependencies = (
			);
			name = FitnessTracker;
			productName = FitnessTracker;
			productReference = 200323D11E00166200B1C33A /* FitnessTracker.app */;
			productType = "com.apple.product-type.application";
		};
		200323E91E0018A500B1C33A /* FitnessTrackerTests */ = {
			isa = PBXNativeTarget;
			buildConfigurationList = 200323F31E0018A500B1C33A /* Build configuration list for PBXNativeTarget "FitnessTrackerTests" */;
			buildPhases = (
				88A5671E2EE39DAC7D98476C /* [CP] Check Pods Manifest.lock */,
				200323E61E0018A500B1C33A /* Sources */,
				200323E71E0018A500B1C33A /* Frameworks */,
				200323E81E0018A500B1C33A /* Resources */,
				247BA57E00A8F3D4CC23C4D4 /* [CP] Embed Pods Frameworks */,
				9467FB50F9B84BF4A8A7CC04 /* [CP] Copy Pods Resources */,
			);
			buildRules = (
			);
			dependencies = (
				200323F01E0018A500B1C33A /* PBXTargetDependency */,
			);
			name = FitnessTrackerTests;
			productName = FitnessTrackerTests;
			productReference = 200323EA1E0018A500B1C33A /* FitnessTrackerTests.xctest */;
			productType = "com.apple.product-type.bundle.unit-test";
		};
/* End PBXNativeTarget section */

/* Begin PBXProject section */
		200323C91E00166200B1C33A /* Project object */ = {
			isa = PBXProject;
			attributes = {
				LastSwiftUpdateCheck = 0820;
				LastUpgradeCheck = 0820;
				ORGANIZATIONNAME = OnsetBits;
				TargetAttributes = {
					200323D01E00166200B1C33A = {
						CreatedOnToolsVersion = 8.2;
						DevelopmentTeam = K344HSVA53;
						ProvisioningStyle = Automatic;
					};
					200323E91E0018A500B1C33A = {
						CreatedOnToolsVersion = 8.2;
						DevelopmentTeam = K344HSVA53;
						ProvisioningStyle = Automatic;
						TestTargetID = 200323D01E00166200B1C33A;
					};
				};
			};
			buildConfigurationList = 200323CC1E00166200B1C33A /* Build configuration list for PBXProject "FitnessTracker" */;
			compatibilityVersion = "Xcode 3.2";
			developmentRegion = English;
			hasScannedForEncodings = 0;
			knownRegions = (
				en,
				Base,
			);
			mainGroup = 200323C81E00166200B1C33A;
			productRefGroup = 200323D21E00166200B1C33A /* Products */;
			projectDirPath = "";
			projectRoot = "";
			targets = (
				200323D01E00166200B1C33A /* FitnessTracker */,
				200323E91E0018A500B1C33A /* FitnessTrackerTests */,
			);
		};
/* End PBXProject section */

/* Begin PBXResourcesBuildPhase section */
		200323CF1E00166200B1C33A /* Resources */ = {
			isa = PBXResourcesBuildPhase;
			buildActionMask = 2147483647;
			files = (
				200323DF1E00166200B1C33A /* LaunchScreen.storyboard in Resources */,
				200323DC1E00166200B1C33A /* Assets.xcassets in Resources */,
				200323DA1E00166200B1C33A /* Main.storyboard in Resources */,
			);
			runOnlyForDeploymentPostprocessing = 0;
		};
		200323E81E0018A500B1C33A /* Resources */ = {
			isa = PBXResourcesBuildPhase;
			buildActionMask = 2147483647;
			files = (
			);
			runOnlyForDeploymentPostprocessing = 0;
		};
/* End PBXResourcesBuildPhase section */

/* Begin PBXShellScriptBuildPhase section */
		11F6D849604387D6ADFAE2DE /* [CP] Embed Pods Frameworks */ = {
			isa = PBXShellScriptBuildPhase;
			buildActionMask = 2147483647;
			files = (
			);
			inputPaths = (
			);
			name = "[CP] Embed Pods Frameworks";
			outputPaths = (
			);
			runOnlyForDeploymentPostprocessing = 0;
			shellPath = /bin/sh;
			shellScript = "\"${SRCROOT}/Pods/Target Support Files/Pods-FitnessTracker/Pods-FitnessTracker-frameworks.sh\"\n";
			showEnvVarsInLog = 0;
		};
		247BA57E00A8F3D4CC23C4D4 /* [CP] Embed Pods Frameworks */ = {
			isa = PBXShellScriptBuildPhase;
			buildActionMask = 2147483647;
			files = (
			);
			inputPaths = (
			);
			name = "[CP] Embed Pods Frameworks";
			outputPaths = (
			);
			runOnlyForDeploymentPostprocessing = 0;
			shellPath = /bin/sh;
			shellScript = "\"${SRCROOT}/Pods/Target Support Files/Pods-FitnessTracker-FitnessTrackerTests/Pods-FitnessTracker-FitnessTrackerTests-frameworks.sh\"\n";
			showEnvVarsInLog = 0;
		};
		88A5671E2EE39DAC7D98476C /* [CP] Check Pods Manifest.lock */ = {
			isa = PBXShellScriptBuildPhase;
			buildActionMask = 2147483647;
			files = (
			);
			inputPaths = (
			);
			name = "[CP] Check Pods Manifest.lock";
			outputPaths = (
			);
			runOnlyForDeploymentPostprocessing = 0;
			shellPath = /bin/sh;
			shellScript = "diff \"${PODS_ROOT}/../Podfile.lock\" \"${PODS_ROOT}/Manifest.lock\" > /dev/null\nif [ $? != 0 ] ; then\n    # print error to STDERR\n    echo \"error: The sandbox is not in sync with the Podfile.lock. Run 'pod install' or update your CocoaPods installation.\" >&2\n    exit 1\nfi\n";
			showEnvVarsInLog = 0;
		};
		9467FB50F9B84BF4A8A7CC04 /* [CP] Copy Pods Resources */ = {
			isa = PBXShellScriptBuildPhase;
			buildActionMask = 2147483647;
			files = (
			);
			inputPaths = (
			);
			name = "[CP] Copy Pods Resources";
			outputPaths = (
			);
			runOnlyForDeploymentPostprocessing = 0;
			shellPath = /bin/sh;
			shellScript = "\"${SRCROOT}/Pods/Target Support Files/Pods-FitnessTracker-FitnessTrackerTests/Pods-FitnessTracker-FitnessTrackerTests-resources.sh\"\n";
			showEnvVarsInLog = 0;
		};
		9507FD782EB359802212F168 /* [CP] Check Pods Manifest.lock */ = {
			isa = PBXShellScriptBuildPhase;
			buildActionMask = 2147483647;
			files = (
			);
			inputPaths = (
			);
			name = "[CP] Check Pods Manifest.lock";
			outputPaths = (
			);
			runOnlyForDeploymentPostprocessing = 0;
			shellPath = /bin/sh;
			shellScript = "diff \"${PODS_ROOT}/../Podfile.lock\" \"${PODS_ROOT}/Manifest.lock\" > /dev/null\nif [ $? != 0 ] ; then\n    # print error to STDERR\n    echo \"error: The sandbox is not in sync with the Podfile.lock. Run 'pod install' or update your CocoaPods installation.\" >&2\n    exit 1\nfi\n";
			showEnvVarsInLog = 0;
		};
		BF4CD9088C8297A89DBF0FF3 /* [CP] Copy Pods Resources */ = {
			isa = PBXShellScriptBuildPhase;
			buildActionMask = 2147483647;
			files = (
			);
			inputPaths = (
			);
			name = "[CP] Copy Pods Resources";
			outputPaths = (
			);
			runOnlyForDeploymentPostprocessing = 0;
			shellPath = /bin/sh;
			shellScript = "\"${SRCROOT}/Pods/Target Support Files/Pods-FitnessTracker/Pods-FitnessTracker-resources.sh\"\n";
			showEnvVarsInLog = 0;
		};
/* End PBXShellScriptBuildPhase section */

/* Begin PBXSourcesBuildPhase section */
		200323CD1E00166200B1C33A /* Sources */ = {
			isa = PBXSourcesBuildPhase;
			buildActionMask = 2147483647;
			files = (
				202142111E0D57C200BAF444 /* CoreDataStack.swift in Sources */,
				20FA50FE1E09575E002E536A /* FitnessInfoRepository.swift in Sources */,
				20D76F211E0DA8DA00FDD122 /* FitnessInfo+Operators.swift in Sources */,
				20D76F1F1E0D8E5C00FDD122 /* ShowPreviousLatestResultVIP.swift in Sources */,
				20E89E6C1E130D6900F03644 /* MetricReadingTableViewCell.swift in Sources */,
				20FA510D1E0AFCED002E536A /* NewRecordViewController.swift in Sources */,
				200323F51E0038B300B1C33A /* FitnessInfo.swift in Sources */,
				20FA51111E0B1D74002E536A /* NewRecordPresenter.swift in Sources */,
				20FA50FB1E095712002E536A /* LatestRecordInteractor.swift in Sources */,
				20E89E6A1E130D3D00F03644 /* ShowMetricHistoricalDataViewController.swift in Sources */,
				200323D51E00166200B1C33A /* AppDelegate.swift in Sources */,
				20FA51051E095947002E536A /* LatestRecordViewController.swift in Sources */,
				20E89E681E130C5C00F03644 /* ShowMetricHistoricalDataVIP.swift in Sources */,
				20FA51071E0976D1002E536A /* LatestRecordMetricCell.swift in Sources */,
				20FA51131E0B1DDF002E536A /* NewRecordInteractor.swift in Sources */,
				20FA51031E0957C2002E536A /* LatestRecordPresenter.swift in Sources */,
				20FA51011E09579F002E536A /* LatestRecordView.swift in Sources */,
				20FA510F1E0B1B05002E536A /* NewRecordView.swift in Sources */,
				2021420B1E0D248900BAF444 /* CoreDataModel.xcdatamodeld in Sources */,
				2021420F1E0D27FD00BAF444 /* CoreDataFitnessInfo.swift in Sources */,
			);
			runOnlyForDeploymentPostprocessing = 0;
		};
		200323E61E0018A500B1C33A /* Sources */ = {
			isa = PBXSourcesBuildPhase;
			buildActionMask = 2147483647;
			files = (
				20FA510B1E0AE4D0002E536A /* CommonUtils.swift in Sources */,
				204C62141E0FFFC100B6CE47 /* NewRecordTests.swift in Sources */,
				204C62161E1046C300B6CE47 /* CoreDataFitnessInfoRepositoryTests.swift in Sources */,
				205212FB1E01D3AD00F9A9E7 /* LatestRecordTests.swift in Sources */,
				20E89E651E12F44E00F03644 /* MetricHistoryTests.swift in Sources */,
				200323ED1E0018A500B1C33A /* FitnessTrackerTests.swift in Sources */,
			);
			runOnlyForDeploymentPostprocessing = 0;
		};
/* End PBXSourcesBuildPhase section */

/* Begin PBXTargetDependency section */
		200323F01E0018A500B1C33A /* PBXTargetDependency */ = {
			isa = PBXTargetDependency;
			target = 200323D01E00166200B1C33A /* FitnessTracker */;
			targetProxy = 200323EF1E0018A500B1C33A /* PBXContainerItemProxy */;
		};
/* End PBXTargetDependency section */

/* Begin PBXVariantGroup section */
		200323D81E00166200B1C33A /* Main.storyboard */ = {
			isa = PBXVariantGroup;
			children = (
				200323D91E00166200B1C33A /* Base */,
			);
			name = Main.storyboard;
			sourceTree = "<group>";
		};
		200323DD1E00166200B1C33A /* LaunchScreen.storyboard */ = {
			isa = PBXVariantGroup;
			children = (
				200323DE1E00166200B1C33A /* Base */,
			);
			name = LaunchScreen.storyboard;
			sourceTree = "<group>";
		};
/* End PBXVariantGroup section */

/* Begin XCBuildConfiguration section */
		200323E11E00166200B1C33A /* Debug */ = {
			isa = XCBuildConfiguration;
			buildSettings = {
				ALWAYS_SEARCH_USER_PATHS = NO;
				CLANG_ANALYZER_NONNULL = YES;
				CLANG_CXX_LANGUAGE_STANDARD = "gnu++0x";
				CLANG_CXX_LIBRARY = "libc++";
				CLANG_ENABLE_MODULES = YES;
				CLANG_ENABLE_OBJC_ARC = YES;
				CLANG_WARN_BOOL_CONVERSION = YES;
				CLANG_WARN_CONSTANT_CONVERSION = YES;
				CLANG_WARN_DIRECT_OBJC_ISA_USAGE = YES_ERROR;
				CLANG_WARN_DOCUMENTATION_COMMENTS = YES;
				CLANG_WARN_EMPTY_BODY = YES;
				CLANG_WARN_ENUM_CONVERSION = YES;
				CLANG_WARN_INFINITE_RECURSION = YES;
				CLANG_WARN_INT_CONVERSION = YES;
				CLANG_WARN_OBJC_ROOT_CLASS = YES_ERROR;
				CLANG_WARN_SUSPICIOUS_MOVE = YES;
				CLANG_WARN_UNREACHABLE_CODE = YES;
				CLANG_WARN__DUPLICATE_METHOD_MATCH = YES;
				"CODE_SIGN_IDENTITY[sdk=iphoneos*]" = "iPhone Developer";
				COPY_PHASE_STRIP = NO;
				DEBUG_INFORMATION_FORMAT = dwarf;
				ENABLE_STRICT_OBJC_MSGSEND = YES;
				ENABLE_TESTABILITY = YES;
				GCC_C_LANGUAGE_STANDARD = gnu99;
				GCC_DYNAMIC_NO_PIC = NO;
				GCC_NO_COMMON_BLOCKS = YES;
				GCC_OPTIMIZATION_LEVEL = 0;
				GCC_PREPROCESSOR_DEFINITIONS = (
					"DEBUG=1",
					"$(inherited)",
				);
				GCC_WARN_64_TO_32_BIT_CONVERSION = YES;
				GCC_WARN_ABOUT_RETURN_TYPE = YES_ERROR;
				GCC_WARN_UNDECLARED_SELECTOR = YES;
				GCC_WARN_UNINITIALIZED_AUTOS = YES_AGGRESSIVE;
				GCC_WARN_UNUSED_FUNCTION = YES;
				GCC_WARN_UNUSED_VARIABLE = YES;
				IPHONEOS_DEPLOYMENT_TARGET = 10.2;
				MTL_ENABLE_DEBUG_INFO = YES;
				ONLY_ACTIVE_ARCH = YES;
				SDKROOT = iphoneos;
				SWIFT_ACTIVE_COMPILATION_CONDITIONS = DEBUG;
				SWIFT_OPTIMIZATION_LEVEL = "-Onone";
			};
			name = Debug;
		};
		200323E21E00166200B1C33A /* Release */ = {
			isa = XCBuildConfiguration;
			buildSettings = {
				ALWAYS_SEARCH_USER_PATHS = NO;
				CLANG_ANALYZER_NONNULL = YES;
				CLANG_CXX_LANGUAGE_STANDARD = "gnu++0x";
				CLANG_CXX_LIBRARY = "libc++";
				CLANG_ENABLE_MODULES = YES;
				CLANG_ENABLE_OBJC_ARC = YES;
				CLANG_WARN_BOOL_CONVERSION = YES;
				CLANG_WARN_CONSTANT_CONVERSION = YES;
				CLANG_WARN_DIRECT_OBJC_ISA_USAGE = YES_ERROR;
				CLANG_WARN_DOCUMENTATION_COMMENTS = YES;
				CLANG_WARN_EMPTY_BODY = YES;
				CLANG_WARN_ENUM_CONVERSION = YES;
				CLANG_WARN_INFINITE_RECURSION = YES;
				CLANG_WARN_INT_CONVERSION = YES;
				CLANG_WARN_OBJC_ROOT_CLASS = YES_ERROR;
				CLANG_WARN_SUSPICIOUS_MOVE = YES;
				CLANG_WARN_UNREACHABLE_CODE = YES;
				CLANG_WARN__DUPLICATE_METHOD_MATCH = YES;
				"CODE_SIGN_IDENTITY[sdk=iphoneos*]" = "iPhone Developer";
				COPY_PHASE_STRIP = NO;
				DEBUG_INFORMATION_FORMAT = "dwarf-with-dsym";
				ENABLE_NS_ASSERTIONS = NO;
				ENABLE_STRICT_OBJC_MSGSEND = YES;
				GCC_C_LANGUAGE_STANDARD = gnu99;
				GCC_NO_COMMON_BLOCKS = YES;
				GCC_WARN_64_TO_32_BIT_CONVERSION = YES;
				GCC_WARN_ABOUT_RETURN_TYPE = YES_ERROR;
				GCC_WARN_UNDECLARED_SELECTOR = YES;
				GCC_WARN_UNINITIALIZED_AUTOS = YES_AGGRESSIVE;
				GCC_WARN_UNUSED_FUNCTION = YES;
				GCC_WARN_UNUSED_VARIABLE = YES;
				IPHONEOS_DEPLOYMENT_TARGET = 10.2;
				MTL_ENABLE_DEBUG_INFO = NO;
				SDKROOT = iphoneos;
				SWIFT_OPTIMIZATION_LEVEL = "-Owholemodule";
				VALIDATE_PRODUCT = YES;
			};
			name = Release;
		};
		200323E41E00166200B1C33A /* Debug */ = {
			isa = XCBuildConfiguration;
			baseConfigurationReference = C55A1B87566A2A9F0CFFFE02 /* Pods-FitnessTracker.debug.xcconfig */;
			buildSettings = {
				ASSETCATALOG_COMPILER_APPICON_NAME = AppIcon;
				DEVELOPMENT_TEAM = K344HSVA53;
				INFOPLIST_FILE = FitnessTracker/Info.plist;
				LD_RUNPATH_SEARCH_PATHS = "$(inherited) @executable_path/Frameworks";
				PRODUCT_BUNDLE_IDENTIFIER = "com.onset-bits.FitnessTracker";
				PRODUCT_NAME = "$(TARGET_NAME)";
				SWIFT_VERSION = 3.0;
			};
			name = Debug;
		};
		200323E51E00166200B1C33A /* Release */ = {
			isa = XCBuildConfiguration;
			baseConfigurationReference = AF97CF9401854D9B0C19B13A /* Pods-FitnessTracker.release.xcconfig */;
			buildSettings = {
				ASSETCATALOG_COMPILER_APPICON_NAME = AppIcon;
				DEVELOPMENT_TEAM = K344HSVA53;
				INFOPLIST_FILE = FitnessTracker/Info.plist;
				LD_RUNPATH_SEARCH_PATHS = "$(inherited) @executable_path/Frameworks";
				PRODUCT_BUNDLE_IDENTIFIER = "com.onset-bits.FitnessTracker";
				PRODUCT_NAME = "$(TARGET_NAME)";
				SWIFT_VERSION = 3.0;
			};
			name = Release;
		};
		200323F11E0018A500B1C33A /* Debug */ = {
			isa = XCBuildConfiguration;
			baseConfigurationReference = CAFE8005132F3860417C9E2D /* Pods-FitnessTracker-FitnessTrackerTests.debug.xcconfig */;
			buildSettings = {
				BUNDLE_LOADER = "$(TEST_HOST)";
				DEVELOPMENT_TEAM = K344HSVA53;
				INFOPLIST_FILE = FitnessTrackerTests/Info.plist;
				LD_RUNPATH_SEARCH_PATHS = "$(inherited) @executable_path/Frameworks @loader_path/Frameworks";
				PRODUCT_BUNDLE_IDENTIFIER = "com.onset-bits.FitnessTrackerTests";
				PRODUCT_NAME = "$(TARGET_NAME)";
				SWIFT_VERSION = 3.0;
				TEST_HOST = "$(BUILT_PRODUCTS_DIR)/FitnessTracker.app/FitnessTracker";
			};
			name = Debug;
		};
		200323F21E0018A500B1C33A /* Release */ = {
			isa = XCBuildConfiguration;
			baseConfigurationReference = D73B30AFC1C246C4F9262437 /* Pods-FitnessTracker-FitnessTrackerTests.release.xcconfig */;
			buildSettings = {
				BUNDLE_LOADER = "$(TEST_HOST)";
				DEVELOPMENT_TEAM = K344HSVA53;
				INFOPLIST_FILE = FitnessTrackerTests/Info.plist;
				LD_RUNPATH_SEARCH_PATHS = "$(inherited) @executable_path/Frameworks @loader_path/Frameworks";
				PRODUCT_BUNDLE_IDENTIFIER = "com.onset-bits.FitnessTrackerTests";
				PRODUCT_NAME = "$(TARGET_NAME)";
				SWIFT_VERSION = 3.0;
				TEST_HOST = "$(BUILT_PRODUCTS_DIR)/FitnessTracker.app/FitnessTracker";
			};
			name = Release;
		};
/* End XCBuildConfiguration section */

/* Begin XCConfigurationList section */
		200323CC1E00166200B1C33A /* Build configuration list for PBXProject "FitnessTracker" */ = {
			isa = XCConfigurationList;
			buildConfigurations = (
				200323E11E00166200B1C33A /* Debug */,
				200323E21E00166200B1C33A /* Release */,
			);
			defaultConfigurationIsVisible = 0;
			defaultConfigurationName = Release;
		};
		200323E31E00166200B1C33A /* Build configuration list for PBXNativeTarget "FitnessTracker" */ = {
			isa = XCConfigurationList;
			buildConfigurations = (
				200323E41E00166200B1C33A /* Debug */,
				200323E51E00166200B1C33A /* Release */,
			);
			defaultConfigurationIsVisible = 0;
			defaultConfigurationName = Release;
		};
		200323F31E0018A500B1C33A /* Build configuration list for PBXNativeTarget "FitnessTrackerTests" */ = {
			isa = XCConfigurationList;
			buildConfigurations = (
				200323F11E0018A500B1C33A /* Debug */,
				200323F21E0018A500B1C33A /* Release */,
			);
			defaultConfigurationIsVisible = 0;
			defaultConfigurationName = Release;
		};
/* End XCConfigurationList section */

/* Begin XCVersionGroup section */
		202142091E0D248900BAF444 /* CoreDataModel.xcdatamodeld */ = {
			isa = XCVersionGroup;
			children = (
				2021420A1E0D248900BAF444 /* CoreDataModel.xcdatamodel */,
			);
			currentVersion = 2021420A1E0D248900BAF444 /* CoreDataModel.xcdatamodel */;
			path = CoreDataModel.xcdatamodeld;
			sourceTree = "<group>";
			versionGroupType = wrapper.xcdatamodel;
		};
/* End XCVersionGroup section */
	};
	rootObject = 200323C91E00166200B1C33A /* Project object */;
}
