PODS:
  - Nimble (7.0.2)
  - Quick (1.2.0)
  - R.swift (4.0.0):
    - R.swift.Library (~> 4.0.0)
  - R.swift.Library (4.0.0)
  - RxCocoa (4.0.0-beta.1):
    - RxSwift (~> 4.0.0-beta.1)
  - RxSwift (4.0.0-beta.1)
  - RxTest (4.0.0-beta.1):
    - RxSwift (~> 4.0.0-beta.1)
  - SwiftLint (0.22.0)
  - UIGraphView (1.1.0)

DEPENDENCIES:
  - Nimble (~> 7.0.2)
  - Quick (~> 1.2.0)
  - R.swift
  - RxCocoa (= 4.0.0-beta.1)
  - RxSwift (= 4.0.0-beta.1)
  - RxTest (= 4.0.0-beta.1)
  - SwiftLint
  - UIGraphView (from `../`)

EXTERNAL SOURCES:
  UIGraphView:
    :path: "../"

SPEC CHECKSUMS:
  Nimble: bfe1f814edabba69ff145cb1283e04ed636a67f2
  Quick: 58d203b1c5e27fff7229c4c1ae445ad7069a7a08
  R.swift: d6a5ec2f55a8441dc0ed9f1f8b37d7d11ae85c66
  R.swift.Library: c3af34921024333546e23b70e70d0b4e0cffca75
  RxCocoa: ca6cc0f4453145d90002d80df8f9c83dd8fb7338
  RxSwift: 29f07e0e72cc5b40f146c64cc520ea6a6a0c73e9
  RxTest: 56fcfdb52108edb20eea5ed662a3cdd6c6f55b3f
  SwiftLint: 1134786caedd2caab0560d2f36b76414a5a56808
  UIGraphView: f14eaa12c8382a537d98e4aabf82aff38e09b42b

PODFILE CHECKSUM: f07a5843e9b873488a8498989df72001c43dc880

COCOAPODS: 1.2.1
