PODS:
  - Nimble (5.1.1)
  - Quick (1.0.0)
  - R.swift (3.3.0):
    - R.swift.Library (~> 3.0.2)
  - R.swift.Library (3.0.2)
  - RxCocoa (3.0.1):
    - RxSwift (~> 3.0)
  - RxSwift (3.0.1)
  - RxTest (3.0.1):
    - RxSwift (~> 3.0)
  - SwiftLint (0.20.0)
  - UIGraphView (1.0.0)

DEPENDENCIES:
  - Nimble
  - Quick
  - R.swift
  - RxCocoa
  - RxSwift
  - RxTest
  - SwiftLint
  - UIGraphView (from `../`)

EXTERNAL SOURCES:
  UIGraphView:
    :path: "../"

SPEC CHECKSUMS:
  Nimble: 415e3aa3267e7bc2c96b05fa814ddea7bb686a29
  Quick: 8024e4a47e6cc03a9d5245ef0948264fc6d27cff
  R.swift: bde9704d50ff36820f49e266bc88ef545e1e9b36
  R.swift.Library: fbdec16c9802ad104fc1ba53415dc190e6ec5c73
  RxCocoa: 15a52fc590dcc700cb4a690a633b5c5184ce3a78
  RxSwift: af5680055c4ad04480189c52d28385b1029493a6
  RxTest: 9867e6f3c435af30fbdb44b6d8ec30b78c40b515
  SwiftLint: 3f7543509c931d1291395335f34e245d3919b7f2
  UIGraphView: 5a9c1d595cbd2c5e5a2d5b1689058866dafa2e56

PODFILE CHECKSUM: 79cb7c441d7b2bf419bb04bd13b2deaf5ff1c5d6

COCOAPODS: 1.2.1
